{
  "name": "atom-dbt-formatter",
  "version": "1.4.0",
  "lockfileVersion": 1,
  "requires": true,
  "dependencies": {
    "@babel/parser": {
      "version": "7.8.4",
      "resolved": "https://upsidetravel.jfrog.io/upsidetravel/api/npm/npm-virtual/@babel/parser/-/parser-7.8.4.tgz",
      "integrity": "sha1-0dvmRpHWA1ipdClfpT2gdN0s6Og="
    },
    "@babel/runtime": {
      "version": "7.8.4",
      "resolved": "https://upsidetravel.jfrog.io/upsidetravel/api/npm/npm-virtual/@babel/runtime/-/runtime-7.8.4.tgz",
      "integrity": "sha1-159aIED3yqJNU+VjqtScvAVYEwg=",
      "requires": {
        "regenerator-runtime": "^0.13.2"
      }
    },
    "@nodelib/fs.scandir": {
      "version": "2.1.3",
      "resolved": "https://upsidetravel.jfrog.io/upsidetravel/api/npm/npm-virtual/@nodelib/fs.scandir/-/fs.scandir-2.1.3.tgz",
      "integrity": "sha1-Olgr21OATGum0UZXnEblITDPSjs=",
      "requires": {
        "@nodelib/fs.stat": "2.0.3",
        "run-parallel": "^1.1.9"
      }
    },
    "@nodelib/fs.stat": {
      "version": "2.0.3",
      "resolved": "https://upsidetravel.jfrog.io/upsidetravel/api/npm/npm-virtual/@nodelib/fs.stat/-/fs.stat-2.0.3.tgz",
      "integrity": "sha1-NNxfTKu8cg9OYPdadH5+zWwXW9M="
    },
    "@nodelib/fs.walk": {
      "version": "1.2.4",
      "resolved": "https://upsidetravel.jfrog.io/upsidetravel/api/npm/npm-virtual/@nodelib/fs.walk/-/fs.walk-1.2.4.tgz",
      "integrity": "sha1-ARuSAqcKY2bkNspcBlhEUoqwSXY=",
      "requires": {
        "@nodelib/fs.scandir": "2.1.3",
        "fastq": "^1.6.0"
      }
    },
    "@types/color-name": {
      "version": "1.1.1",
      "resolved": "https://upsidetravel.jfrog.io/upsidetravel/api/npm/npm-virtual/@types/color-name/-/color-name-1.1.1.tgz",
      "integrity": "sha1-HBJhu+qhCoBVu8XYq4S3sq/IRqA="
    },
    "ajv": {
      "version": "6.12.0",
      "resolved": "https://upsidetravel.jfrog.io/upsidetravel/api/npm/npm-virtual/ajv/-/ajv-6.12.0.tgz",
      "integrity": "sha1-BtYLlth7hFSlrauobnhU2mKdtLc=",
      "requires": {
        "fast-deep-equal": "^3.1.1",
        "fast-json-stable-stringify": "^2.0.0",
        "json-schema-traverse": "^0.4.1",
        "uri-js": "^4.2.2"
      }
    },
    "ansi-styles": {
      "version": "4.2.1",
      "resolved": "https://upsidetravel.jfrog.io/upsidetravel/api/npm/npm-virtual/ansi-styles/-/ansi-styles-4.2.1.tgz",
      "integrity": "sha1-kK51xCTQCNJiTFvynq0xd+v881k=",
      "requires": {
        "@types/color-name": "^1.1.1",
        "color-convert": "^2.0.1"
      }
    },
    "array-union": {
      "version": "2.1.0",
      "resolved": "https://upsidetravel.jfrog.io/upsidetravel/api/npm/npm-virtual/array-union/-/array-union-2.1.0.tgz",
      "integrity": "sha1-t5hCCtvrHego2ErNii4j0+/oXo0="
    },
    "asn1": {
      "version": "0.2.4",
      "resolved": "https://upsidetravel.jfrog.io/upsidetravel/api/npm/npm-virtual/asn1/-/asn1-0.2.4.tgz",
      "integrity": "sha1-jSR136tVO7M+d7VOWeiAu4ziMTY=",
      "requires": {
        "safer-buffer": "~2.1.0"
      }
    },
    "assert-plus": {
      "version": "1.0.0",
      "resolved": "https://upsidetravel.jfrog.io/upsidetravel/api/npm/npm-virtual/assert-plus/-/assert-plus-1.0.0.tgz",
      "integrity": "sha1-8S4PPF13sLHN2RRpQuTpbB5N1SU="
    },
    "asynckit": {
      "version": "0.4.0",
      "resolved": "https://upsidetravel.jfrog.io/upsidetravel/api/npm/npm-virtual/asynckit/-/asynckit-0.4.0.tgz",
      "integrity": "sha1-x57Zf380y48robyXkLzDZkdLS3k="
    },
    "aws-sign2": {
      "version": "0.7.0",
      "resolved": "https://upsidetravel.jfrog.io/upsidetravel/api/npm/npm-virtual/aws-sign2/-/aws-sign2-0.7.0.tgz",
      "integrity": "sha1-tG6JCTSpWR8tL2+G1+ap8bP+dqg="
    },
    "aws4": {
      "version": "1.9.1",
      "resolved": "https://upsidetravel.jfrog.io/upsidetravel/api/npm/npm-virtual/aws4/-/aws4-1.9.1.tgz",
      "integrity": "sha1-fjPY99RJs/ZzzXLeuavcVS2+Uo4="
    },
    "bcrypt-pbkdf": {
      "version": "1.0.2",
      "resolved": "https://upsidetravel.jfrog.io/upsidetravel/api/npm/npm-virtual/bcrypt-pbkdf/-/bcrypt-pbkdf-1.0.2.tgz",
      "integrity": "sha1-pDAdOJtqQ/m2f/PKEaP2Y342Dp4=",
      "requires": {
        "tweetnacl": "^0.14.3"
      }
    },
    "braces": {
      "version": "3.0.2",
      "resolved": "https://upsidetravel.jfrog.io/upsidetravel/api/npm/npm-virtual/braces/-/braces-3.0.2.tgz",
      "integrity": "sha1-NFThpGLujVmeI23zNs2epPiv4Qc=",
      "requires": {
        "fill-range": "^7.0.1"
      }
    },
    "byline": {
      "version": "5.0.0",
      "resolved": "https://upsidetravel.jfrog.io/upsidetravel/api/npm/npm-virtual/byline/-/byline-5.0.0.tgz",
      "integrity": "sha1-dBxSFkaOrcRXsDQQEYrXfejB3bE="
    },
    "caseless": {
      "version": "0.12.0",
      "resolved": "https://upsidetravel.jfrog.io/upsidetravel/api/npm/npm-virtual/caseless/-/caseless-0.12.0.tgz",
      "integrity": "sha1-G2gcIf+EAzyCZUMJBolCDRhxUdw="
    },
    "chalk": {
      "version": "3.0.0",
      "resolved": "https://upsidetravel.jfrog.io/upsidetravel/api/npm/npm-virtual/chalk/-/chalk-3.0.0.tgz",
      "integrity": "sha1-P3PCv1JlkfV0zEksUeJFY0n4ROQ=",
      "requires": {
        "ansi-styles": "^4.1.0",
        "supports-color": "^7.1.0"
      }
    },
    "color-convert": {
      "version": "2.0.1",
      "resolved": "https://upsidetravel.jfrog.io/upsidetravel/api/npm/npm-virtual/color-convert/-/color-convert-2.0.1.tgz",
      "integrity": "sha1-ctOmjVmMm9s68q0ehPIdiWq9TeM=",
      "requires": {
        "color-name": "~1.1.4"
      }
    },
    "color-name": {
      "version": "1.1.4",
      "resolved": "https://upsidetravel.jfrog.io/upsidetravel/api/npm/npm-virtual/color-name/-/color-name-1.1.4.tgz",
      "integrity": "sha1-wqCah6y95pVD3m9j+jmVyCbFNqI="
    },
    "combined-stream": {
      "version": "1.0.8",
      "resolved": "https://upsidetravel.jfrog.io/upsidetravel/api/npm/npm-virtual/combined-stream/-/combined-stream-1.0.8.tgz",
      "integrity": "sha1-w9RaizT9cwYxoRCoolIGgrMdWn8=",
      "requires": {
        "delayed-stream": "~1.0.0"
      }
    },
    "commander": {
      "version": "4.1.1",
      "resolved": "https://upsidetravel.jfrog.io/upsidetravel/api/npm/npm-virtual/commander/-/commander-4.1.1.tgz",
      "integrity": "sha1-n9YCvZNilOnp70aj9NaWQESxgGg="
    },
    "core-util-is": {
      "version": "1.0.2",
      "resolved": "https://upsidetravel.jfrog.io/upsidetravel/api/npm/npm-virtual/core-util-is/-/core-util-is-1.0.2.tgz",
      "integrity": "sha1-tf1UIgqivFq1eqtxQMlAdUUDwac="
    },
    "dashdash": {
      "version": "1.14.1",
      "resolved": "https://upsidetravel.jfrog.io/upsidetravel/api/npm/npm-virtual/dashdash/-/dashdash-1.14.1.tgz",
      "integrity": "sha1-hTz6D3y+L+1d4gMmuN1YEDX24vA=",
      "requires": {
        "assert-plus": "^1.0.0"
      }
    },
    "dbt-formatter": {
      "version": "1.2.0",
      "resolved": "https://upsidetravel.jfrog.io/upsidetravel/api/npm/npm-virtual/dbt-formatter/-/dbt-formatter-1.2.0.tgz",
      "integrity": "sha1-CX894lcNRdXz+HkwZMUbxlUXbw0=",
      "requires": {
        "commander": "^4.1.1",
        "lodash": "^4.17.15",
        "pkg": "^4.4.3"
      }
    },
    "deep-is": {
      "version": "0.1.3",
      "resolved": "https://upsidetravel.jfrog.io/upsidetravel/api/npm/npm-virtual/deep-is/-/deep-is-0.1.3.tgz",
      "integrity": "sha1-s2nW+128E+7PUk+RsHD+7cNXzzQ="
    },
    "delayed-stream": {
      "version": "1.0.0",
      "resolved": "https://upsidetravel.jfrog.io/upsidetravel/api/npm/npm-virtual/delayed-stream/-/delayed-stream-1.0.0.tgz",
      "integrity": "sha1-3zrhmayt+31ECqrgsp4icrJOxhk="
    },
    "dir-glob": {
      "version": "3.0.1",
      "resolved": "https://upsidetravel.jfrog.io/upsidetravel/api/npm/npm-virtual/dir-glob/-/dir-glob-3.0.1.tgz",
      "integrity": "sha1-Vtv3PZkqSpO6FYT0U0Bj/S5BcX8=",
      "requires": {
        "path-type": "^4.0.0"
      }
    },
    "ecc-jsbn": {
      "version": "0.1.2",
      "resolved": "https://upsidetravel.jfrog.io/upsidetravel/api/npm/npm-virtual/ecc-jsbn/-/ecc-jsbn-0.1.2.tgz",
      "integrity": "sha1-OoOpBOVDUyh4dMVkt1SThoSamMk=",
      "requires": {
        "jsbn": "~0.1.0",
        "safer-buffer": "^2.1.0"
      }
    },
    "escodegen": {
      "version": "1.14.1",
      "resolved": "https://upsidetravel.jfrog.io/upsidetravel/api/npm/npm-virtual/escodegen/-/escodegen-1.14.1.tgz",
      "integrity": "sha1-ugHQyCeLXpWppFNQFCAmZZAnpFc=",
      "requires": {
        "esprima": "^4.0.1",
        "estraverse": "^4.2.0",
        "esutils": "^2.0.2",
        "optionator": "^0.8.1",
        "source-map": "~0.6.1"
      }
    },
    "esprima": {
      "version": "4.0.1",
      "resolved": "https://upsidetravel.jfrog.io/upsidetravel/api/npm/npm-virtual/esprima/-/esprima-4.0.1.tgz",
      "integrity": "sha1-E7BM2z5sXRnfkatph6hpVhmwqnE="
    },
    "estraverse": {
      "version": "4.3.0",
      "resolved": "https://upsidetravel.jfrog.io/upsidetravel/api/npm/npm-virtual/estraverse/-/estraverse-4.3.0.tgz",
      "integrity": "sha1-OYrT88WiSUi+dyXoPRGn3ijNvR0="
    },
    "esutils": {
      "version": "2.0.3",
      "resolved": "https://upsidetravel.jfrog.io/upsidetravel/api/npm/npm-virtual/esutils/-/esutils-2.0.3.tgz",
      "integrity": "sha1-dNLrTeC42hKTcRkQ1Qd1ubcQ72Q="
    },
    "expand-template": {
      "version": "2.0.3",
      "resolved": "https://upsidetravel.jfrog.io/upsidetravel/api/npm/npm-virtual/expand-template/-/expand-template-2.0.3.tgz",
      "integrity": "sha1-bhSz/O4POmNA7LV9LokYaSBSpHw="
    },
    "extend": {
      "version": "3.0.2",
      "resolved": "https://upsidetravel.jfrog.io/upsidetravel/api/npm/npm-virtual/extend/-/extend-3.0.2.tgz",
      "integrity": "sha1-+LETa0Bx+9jrFAr/hYsQGewpFfo="
    },
    "extsprintf": {
      "version": "1.3.0",
      "resolved": "https://upsidetravel.jfrog.io/upsidetravel/api/npm/npm-virtual/extsprintf/-/extsprintf-1.3.0.tgz",
      "integrity": "sha1-lpGEQOMEGnpBT4xS48V06zw+HgU="
    },
    "fast-deep-equal": {
      "version": "3.1.1",
      "resolved": "https://upsidetravel.jfrog.io/upsidetravel/api/npm/npm-virtual/fast-deep-equal/-/fast-deep-equal-3.1.1.tgz",
      "integrity": "sha1-VFFFB3xQFJHjOxXsQIwpQ3bpSuQ="
    },
    "fast-glob": {
      "version": "3.2.2",
      "resolved": "https://upsidetravel.jfrog.io/upsidetravel/api/npm/npm-virtual/fast-glob/-/fast-glob-3.2.2.tgz",
      "integrity": "sha1-reGp2RFIll1L98UfcuHKZi0y5j0=",
      "requires": {
        "@nodelib/fs.stat": "^2.0.2",
        "@nodelib/fs.walk": "^1.2.3",
        "glob-parent": "^5.1.0",
        "merge2": "^1.3.0",
        "micromatch": "^4.0.2",
        "picomatch": "^2.2.1"
      }
    },
    "fast-json-stable-stringify": {
      "version": "2.1.0",
      "resolved": "https://upsidetravel.jfrog.io/upsidetravel/api/npm/npm-virtual/fast-json-stable-stringify/-/fast-json-stable-stringify-2.1.0.tgz",
      "integrity": "sha1-h0v2nG9ATCtdmcSBNBOZ/VWJJjM="
    },
    "fast-levenshtein": {
      "version": "2.0.6",
      "resolved": "https://upsidetravel.jfrog.io/upsidetravel/api/npm/npm-virtual/fast-levenshtein/-/fast-levenshtein-2.0.6.tgz",
      "integrity": "sha1-PYpcZog6FqMMqGQ+hR8Zuqd5eRc="
    },
    "fastq": {
      "version": "1.6.0",
      "resolved": "https://upsidetravel.jfrog.io/upsidetravel/api/npm/npm-virtual/fastq/-/fastq-1.6.0.tgz",
      "integrity": "sha1-Tsijj0rCXyFJJnOtt+rpz+9H0cI=",
      "requires": {
        "reusify": "^1.0.0"
      }
    },
    "fill-range": {
      "version": "7.0.1",
      "resolved": "https://upsidetravel.jfrog.io/upsidetravel/api/npm/npm-virtual/fill-range/-/fill-range-7.0.1.tgz",
      "integrity": "sha1-GRmmp8df44ssfHflGYU12prN2kA=",
      "requires": {
        "to-regex-range": "^5.0.1"
      }
    },
    "forever-agent": {
      "version": "0.6.1",
      "resolved": "https://upsidetravel.jfrog.io/upsidetravel/api/npm/npm-virtual/forever-agent/-/forever-agent-0.6.1.tgz",
      "integrity": "sha1-+8cfDEGt6zf5bFd60e1C2P2sypE="
    },
    "form-data": {
      "version": "2.3.3",
      "resolved": "https://upsidetravel.jfrog.io/upsidetravel/api/npm/npm-virtual/form-data/-/form-data-2.3.3.tgz",
      "integrity": "sha1-3M5SwF9kTymManq5Nr1yTO/786Y=",
      "requires": {
        "asynckit": "^0.4.0",
        "combined-stream": "^1.0.6",
        "mime-types": "^2.1.12"
      }
    },
    "from2": {
      "version": "2.3.0",
      "resolved": "https://upsidetravel.jfrog.io/upsidetravel/api/npm/npm-virtual/from2/-/from2-2.3.0.tgz",
      "integrity": "sha1-i/tVAr3kpNNs/e6gB/zKIdfjgq8=",
      "requires": {
        "inherits": "^2.0.1",
        "readable-stream": "^2.0.0"
      }
    },
    "fs-extra": {
      "version": "8.1.0",
      "resolved": "https://upsidetravel.jfrog.io/upsidetravel/api/npm/npm-virtual/fs-extra/-/fs-extra-8.1.0.tgz",
      "integrity": "sha1-SdQ8RaiM2Wd2aMt74bRu/bjS4cA=",
      "requires": {
        "graceful-fs": "^4.2.0",
        "jsonfile": "^4.0.0",
        "universalify": "^0.1.0"
      }
    },
    "getpass": {
      "version": "0.1.7",
      "resolved": "https://upsidetravel.jfrog.io/upsidetravel/api/npm/npm-virtual/getpass/-/getpass-0.1.7.tgz",
      "integrity": "sha1-Xv+OPmhNVprkyysSgmBOi6YhSfo=",
      "requires": {
        "assert-plus": "^1.0.0"
      }
    },
    "glob-parent": {
      "version": "5.1.0",
      "resolved": "https://upsidetravel.jfrog.io/upsidetravel/api/npm/npm-virtual/glob-parent/-/glob-parent-5.1.0.tgz",
      "integrity": "sha1-X0wdHnSNMM1zrSlEs1d6gbCB6MI=",
      "requires": {
        "is-glob": "^4.0.1"
      }
    },
    "globby": {
      "version": "11.0.0",
      "resolved": "https://upsidetravel.jfrog.io/upsidetravel/api/npm/npm-virtual/globby/-/globby-11.0.0.tgz",
      "integrity": "sha1-Vv0Onw1Pj7DEVvGrDe6W4TgLwVQ=",
      "requires": {
        "array-union": "^2.1.0",
        "dir-glob": "^3.0.1",
        "fast-glob": "^3.1.1",
        "ignore": "^5.1.4",
        "merge2": "^1.3.0",
        "slash": "^3.0.0"
      }
    },
    "graceful-fs": {
      "version": "4.2.3",
      "resolved": "https://upsidetravel.jfrog.io/upsidetravel/api/npm/npm-virtual/graceful-fs/-/graceful-fs-4.2.3.tgz",
      "integrity": "sha1-ShL/G2A3bvCYYsIJPt2Qgyi+hCM="
    },
    "har-schema": {
      "version": "2.0.0",
      "resolved": "https://upsidetravel.jfrog.io/upsidetravel/api/npm/npm-virtual/har-schema/-/har-schema-2.0.0.tgz",
      "integrity": "sha1-qUwiJOvKwEeCoNkDVSHyRzW37JI="
    },
    "har-validator": {
      "version": "5.1.3",
      "resolved": "https://upsidetravel.jfrog.io/upsidetravel/api/npm/npm-virtual/har-validator/-/har-validator-5.1.3.tgz",
      "integrity": "sha1-HvievT5JllV2de7ZiTEQ3DUPoIA=",
      "requires": {
        "ajv": "^6.5.5",
        "har-schema": "^2.0.0"
      }
    },
    "has-flag": {
      "version": "4.0.0",
      "resolved": "https://upsidetravel.jfrog.io/upsidetravel/api/npm/npm-virtual/has-flag/-/has-flag-4.0.0.tgz",
      "integrity": "sha1-lEdx/ZyByBJlxNaUGGDaBrtZR5s="
    },
    "http-signature": {
      "version": "1.2.0",
      "resolved": "https://upsidetravel.jfrog.io/upsidetravel/api/npm/npm-virtual/http-signature/-/http-signature-1.2.0.tgz",
      "integrity": "sha1-muzZJRFHcvPZW2WmCruPfBj7rOE=",
      "requires": {
        "assert-plus": "^1.0.0",
        "jsprim": "^1.2.2",
        "sshpk": "^1.7.0"
      }
    },
    "ignore": {
      "version": "5.1.4",
      "resolved": "https://upsidetravel.jfrog.io/upsidetravel/api/npm/npm-virtual/ignore/-/ignore-5.1.4.tgz",
      "integrity": "sha1-hLez2+ZFUrbvDsqZ9nQ9vsbZet8="
    },
    "inherits": {
      "version": "2.0.4",
      "resolved": "https://upsidetravel.jfrog.io/upsidetravel/api/npm/npm-virtual/inherits/-/inherits-2.0.4.tgz",
      "integrity": "sha1-D6LGT5MpF8NDOg3tVTY6rjdBa3w="
    },
    "into-stream": {
      "version": "5.1.1",
      "resolved": "https://upsidetravel.jfrog.io/upsidetravel/api/npm/npm-virtual/into-stream/-/into-stream-5.1.1.tgz",
      "integrity": "sha1-+aIKNIoR88E/rOInY/LQLhJ/Tbg=",
      "requires": {
        "from2": "^2.3.0",
        "p-is-promise": "^3.0.0"
      }
    },
    "is-extglob": {
      "version": "2.1.1",
      "resolved": "https://upsidetravel.jfrog.io/upsidetravel/api/npm/npm-virtual/is-extglob/-/is-extglob-2.1.1.tgz",
      "integrity": "sha1-qIwCU1eR8C7TfHahueqXc8gz+MI="
    },
    "is-glob": {
      "version": "4.0.1",
      "resolved": "https://upsidetravel.jfrog.io/upsidetravel/api/npm/npm-virtual/is-glob/-/is-glob-4.0.1.tgz",
      "integrity": "sha1-dWfb6fL14kZ7x3q4PEopSCQHpdw=",
      "requires": {
        "is-extglob": "^2.1.1"
      }
    },
    "is-number": {
      "version": "7.0.0",
      "resolved": "https://upsidetravel.jfrog.io/upsidetravel/api/npm/npm-virtual/is-number/-/is-number-7.0.0.tgz",
      "integrity": "sha1-dTU0W4lnNNX4DE0GxQlVUnoU8Ss="
    },
    "is-typedarray": {
      "version": "1.0.0",
      "resolved": "https://upsidetravel.jfrog.io/upsidetravel/api/npm/npm-virtual/is-typedarray/-/is-typedarray-1.0.0.tgz",
      "integrity": "sha1-5HnICFjfDBsR3dppQPlgEfzaSpo="
    },
    "isarray": {
      "version": "1.0.0",
      "resolved": "https://upsidetravel.jfrog.io/upsidetravel/api/npm/npm-virtual/isarray/-/isarray-1.0.0.tgz",
      "integrity": "sha1-u5NdSFgsuhaMBoNJV6VKPgcSTxE="
    },
    "isstream": {
      "version": "0.1.2",
      "resolved": "https://upsidetravel.jfrog.io/upsidetravel/api/npm/npm-virtual/isstream/-/isstream-0.1.2.tgz",
      "integrity": "sha1-R+Y/evVa+m+S4VAOaQ64uFKcCZo="
    },
    "jsbn": {
      "version": "0.1.1",
      "resolved": "https://upsidetravel.jfrog.io/upsidetravel/api/npm/npm-virtual/jsbn/-/jsbn-0.1.1.tgz",
      "integrity": "sha1-peZUwuWi3rXyAdls77yoDA7y9RM="
    },
    "json-schema": {
      "version": "0.2.3",
      "resolved": "https://upsidetravel.jfrog.io/upsidetravel/api/npm/npm-virtual/json-schema/-/json-schema-0.2.3.tgz",
      "integrity": "sha1-tIDIkuWaLwWVTOcnvT8qTogvnhM="
    },
    "json-schema-traverse": {
      "version": "0.4.1",
      "resolved": "https://upsidetravel.jfrog.io/upsidetravel/api/npm/npm-virtual/json-schema-traverse/-/json-schema-traverse-0.4.1.tgz",
      "integrity": "sha1-afaofZUTq4u4/mO9sJecRI5oRmA="
    },
    "json-stringify-safe": {
      "version": "5.0.1",
      "resolved": "https://upsidetravel.jfrog.io/upsidetravel/api/npm/npm-virtual/json-stringify-safe/-/json-stringify-safe-5.0.1.tgz",
      "integrity": "sha1-Epai1Y/UXxmg9s4B1lcB4sc1tus="
    },
    "jsonfile": {
      "version": "4.0.0",
      "resolved": "https://upsidetravel.jfrog.io/upsidetravel/api/npm/npm-virtual/jsonfile/-/jsonfile-4.0.0.tgz",
      "integrity": "sha1-h3Gq4HmbZAdrdmQPygWPnBDjPss=",
      "requires": {
        "graceful-fs": "^4.1.6"
      }
    },
    "jsprim": {
      "version": "1.4.1",
      "resolved": "https://upsidetravel.jfrog.io/upsidetravel/api/npm/npm-virtual/jsprim/-/jsprim-1.4.1.tgz",
      "integrity": "sha1-MT5mvB5cwG5Di8G3SZwuXFastqI=",
      "requires": {
        "assert-plus": "1.0.0",
        "extsprintf": "1.3.0",
        "json-schema": "0.2.3",
        "verror": "1.10.0"
      }
    },
    "levn": {
      "version": "0.3.0",
      "resolved": "https://upsidetravel.jfrog.io/upsidetravel/api/npm/npm-virtual/levn/-/levn-0.3.0.tgz",
      "integrity": "sha1-OwmSTt+fCDwEkP3UwLxEIeBHZO4=",
      "requires": {
        "prelude-ls": "~1.1.2",
        "type-check": "~0.3.2"
      }
    },
    "lodash": {
      "version": "4.17.21",
      "resolved": "https://registry.npmjs.org/lodash/-/lodash-4.17.21.tgz",
      "integrity": "sha512-v2kDEe57lecTulaDIuNTPy3Ry4gLGJ6Z1O3vE1krgXZNrsQ+LFTGHVxVjcXPs17LhbZVGedAJv8XZ1tvj5FvSg=="
    },
    "merge2": {
      "version": "1.3.0",
      "resolved": "https://upsidetravel.jfrog.io/upsidetravel/api/npm/npm-virtual/merge2/-/merge2-1.3.0.tgz",
      "integrity": "sha1-WzZu6DsvFYLEj4fkfPGpNSEDyoE="
    },
    "micromatch": {
      "version": "4.0.2",
      "resolved": "https://upsidetravel.jfrog.io/upsidetravel/api/npm/npm-virtual/micromatch/-/micromatch-4.0.2.tgz",
      "integrity": "sha1-T8sJmb+fvC/L3SEvbWKbmlbDklk=",
      "requires": {
        "braces": "^3.0.1",
        "picomatch": "^2.0.5"
      }
    },
    "mime-db": {
      "version": "1.43.0",
      "resolved": "https://upsidetravel.jfrog.io/upsidetravel/api/npm/npm-virtual/mime-db/-/mime-db-1.43.0.tgz",
      "integrity": "sha1-ChLgUCZQ5HPXNVNQUOfI9OtPrlg="
    },
    "mime-types": {
      "version": "2.1.26",
      "resolved": "https://upsidetravel.jfrog.io/upsidetravel/api/npm/npm-virtual/mime-types/-/mime-types-2.1.26.tgz",
      "integrity": "sha1-nJIfwJt+FJpl39wNpNIJlyALCgY=",
      "requires": {
        "mime-db": "1.43.0"
      }
    },
    "minimist": {
      "version": "1.2.0",
      "resolved": "https://upsidetravel.jfrog.io/upsidetravel/api/npm/npm-virtual/minimist/-/minimist-1.2.0.tgz",
      "integrity": "sha1-o1AIsg9BOD7sH7kU9M1d95omQoQ="
    },
    "mkdirp": {
      "version": "0.5.1",
      "resolved": "https://upsidetravel.jfrog.io/upsidetravel/api/npm/npm-virtual/mkdirp/-/mkdirp-0.5.1.tgz",
      "integrity": "sha1-MAV0OOrGz3+MR2fzhkjWaX11yQM=",
      "requires": {
        "minimist": "0.0.8"
      },
      "dependencies": {
        "minimist": {
          "version": "0.0.8",
          "resolved": "https://upsidetravel.jfrog.io/upsidetravel/api/npm/npm-virtual/minimist/-/minimist-0.0.8.tgz",
          "integrity": "sha1-hX/Kv8M5fSYluCKCYuhqp6ARsF0="
        }
      }
    },
    "multistream": {
      "version": "2.1.1",
      "resolved": "https://upsidetravel.jfrog.io/upsidetravel/api/npm/npm-virtual/multistream/-/multistream-2.1.1.tgz",
      "integrity": "sha1-Yp06Kb12YjSJmA0EUZosNllIFIw=",
      "requires": {
        "inherits": "^2.0.1",
        "readable-stream": "^2.0.5"
      }
    },
    "oauth-sign": {
      "version": "0.9.0",
      "resolved": "https://upsidetravel.jfrog.io/upsidetravel/api/npm/npm-virtual/oauth-sign/-/oauth-sign-0.9.0.tgz",
      "integrity": "sha1-R6ewFrqmi1+g7PPe4IqFxnmsZFU="
    },
    "optionator": {
      "version": "0.8.3",
      "resolved": "https://upsidetravel.jfrog.io/upsidetravel/api/npm/npm-virtual/optionator/-/optionator-0.8.3.tgz",
      "integrity": "sha1-hPodA2/p08fiHZmIS2ARZ+yPtJU=",
      "requires": {
        "deep-is": "~0.1.3",
        "fast-levenshtein": "~2.0.6",
        "levn": "~0.3.0",
        "prelude-ls": "~1.1.2",
        "type-check": "~0.3.2",
        "word-wrap": "~1.2.3"
      }
    },
    "os-tmpdir": {
      "version": "1.0.2",
      "resolved": "https://upsidetravel.jfrog.io/upsidetravel/api/npm/npm-virtual/os-tmpdir/-/os-tmpdir-1.0.2.tgz",
      "integrity": "sha1-u+Z0BseaqFxc/sdm/lc0VV36EnQ="
    },
    "p-is-promise": {
      "version": "3.0.0",
      "resolved": "https://upsidetravel.jfrog.io/upsidetravel/api/npm/npm-virtual/p-is-promise/-/p-is-promise-3.0.0.tgz",
      "integrity": "sha1-WOeMff4uFjzyoE/4aefB26ZKWXE="
    },
    "path-parse": {
      "version": "1.0.6",
      "resolved": "https://upsidetravel.jfrog.io/upsidetravel/api/npm/npm-virtual/path-parse/-/path-parse-1.0.6.tgz",
      "integrity": "sha1-1i27VnlAXXLEc37FhgDp3c8G0kw="
    },
    "path-type": {
      "version": "4.0.0",
      "resolved": "https://upsidetravel.jfrog.io/upsidetravel/api/npm/npm-virtual/path-type/-/path-type-4.0.0.tgz",
      "integrity": "sha1-hO0BwKe6OAr+CdkKjBgNzZ0DBDs="
    },
    "performance-now": {
      "version": "2.1.0",
      "resolved": "https://upsidetravel.jfrog.io/upsidetravel/api/npm/npm-virtual/performance-now/-/performance-now-2.1.0.tgz",
      "integrity": "sha1-Ywn04OX6kT7BxpMHrjZLSzd8nns="
    },
    "picomatch": {
      "version": "2.2.1",
      "resolved": "https://upsidetravel.jfrog.io/upsidetravel/api/npm/npm-virtual/picomatch/-/picomatch-2.2.1.tgz",
      "integrity": "sha1-IbrIiLbthgH4Mc54FuM1vHefCko="
    },
    "pkg": {
      "version": "4.4.3",
      "resolved": "https://upsidetravel.jfrog.io/upsidetravel/api/npm/npm-virtual/pkg/-/pkg-4.4.3.tgz",
      "integrity": "sha1-ua3vqbf2lUq9K2JlVkoe2DroG3o=",
      "requires": {
        "@babel/parser": "^7.7.5",
        "@babel/runtime": "^7.7.5",
        "chalk": "^3.0.0",
        "escodegen": "^1.13.0",
        "fs-extra": "^8.1.0",
        "globby": "^11.0.0",
        "into-stream": "^5.1.1",
        "minimist": "^1.2.0",
        "multistream": "^2.1.1",
        "pkg-fetch": "^2.6.4",
        "progress": "^2.0.3",
        "resolve": "^1.15.0",
        "stream-meter": "^1.0.4"
      }
    },
    "pkg-fetch": {
      "version": "2.6.4",
      "resolved": "https://upsidetravel.jfrog.io/upsidetravel/api/npm/npm-virtual/pkg-fetch/-/pkg-fetch-2.6.4.tgz",
      "integrity": "sha1-D6rExK6WaOHa+YGRgGBpZqXjP5Y=",
      "requires": {
        "@babel/runtime": "^7.7.5",
        "byline": "^5.0.0",
        "chalk": "^3.0.0",
        "expand-template": "^2.0.3",
        "fs-extra": "^8.1.0",
        "minimist": "^1.2.0",
        "progress": "^2.0.3",
        "request": "^2.88.0",
        "request-progress": "^3.0.0",
        "semver": "^6.3.0",
        "unique-temp-dir": "^1.0.0"
      }
    },
    "prelude-ls": {
      "version": "1.1.2",
      "resolved": "https://upsidetravel.jfrog.io/upsidetravel/api/npm/npm-virtual/prelude-ls/-/prelude-ls-1.1.2.tgz",
      "integrity": "sha1-IZMqVJ9eUv/ZqCf1cOBL5iqX2lQ="
    },
    "process-nextick-args": {
      "version": "2.0.1",
      "resolved": "https://upsidetravel.jfrog.io/upsidetravel/api/npm/npm-virtual/process-nextick-args/-/process-nextick-args-2.0.1.tgz",
      "integrity": "sha1-eCDZsWEgzFXKmud5JoCufbptf+I="
    },
    "progress": {
      "version": "2.0.3",
      "resolved": "https://upsidetravel.jfrog.io/upsidetravel/api/npm/npm-virtual/progress/-/progress-2.0.3.tgz",
      "integrity": "sha1-foz42PW48jnBvGi+tOt4Vn1XLvg="
    },
    "psl": {
      "version": "1.7.0",
      "resolved": "https://upsidetravel.jfrog.io/upsidetravel/api/npm/npm-virtual/psl/-/psl-1.7.0.tgz",
      "integrity": "sha1-8cTEeo75cWfepda79IFtc26ISjw="
    },
    "punycode": {
      "version": "2.1.1",
      "resolved": "https://upsidetravel.jfrog.io/upsidetravel/api/npm/npm-virtual/punycode/-/punycode-2.1.1.tgz",
      "integrity": "sha1-tYsBCsQMIsVldhbI0sLALHv0eew="
    },
    "qs": {
      "version": "6.5.2",
      "resolved": "https://upsidetravel.jfrog.io/upsidetravel/api/npm/npm-virtual/qs/-/qs-6.5.2.tgz",
      "integrity": "sha1-yzroBuh0BERYTvFUzo7pjUA/PjY="
    },
    "readable-stream": {
      "version": "2.3.7",
      "resolved": "https://upsidetravel.jfrog.io/upsidetravel/api/npm/npm-virtual/readable-stream/-/readable-stream-2.3.7.tgz",
      "integrity": "sha1-Hsoc9xGu+BTAT2IlKjamL2yyO1c=",
      "requires": {
        "core-util-is": "~1.0.0",
        "inherits": "~2.0.3",
        "isarray": "~1.0.0",
        "process-nextick-args": "~2.0.0",
        "safe-buffer": "~5.1.1",
        "string_decoder": "~1.1.1",
        "util-deprecate": "~1.0.1"
      }
    },
    "regenerator-runtime": {
      "version": "0.13.3",
      "resolved": "https://upsidetravel.jfrog.io/upsidetravel/api/npm/npm-virtual/regenerator-runtime/-/regenerator-runtime-0.13.3.tgz",
      "integrity": "sha1-fPanfY9cb2Drc8X8GVWyzrAea/U="
    },
    "request": {
      "version": "2.88.2",
      "resolved": "https://upsidetravel.jfrog.io/upsidetravel/api/npm/npm-virtual/request/-/request-2.88.2.tgz",
      "integrity": "sha1-1zyRhzHLWofaBH4gcjQUb2ZNErM=",
      "requires": {
        "aws-sign2": "~0.7.0",
        "aws4": "^1.8.0",
        "caseless": "~0.12.0",
        "combined-stream": "~1.0.6",
        "extend": "~3.0.2",
        "forever-agent": "~0.6.1",
        "form-data": "~2.3.2",
        "har-validator": "~5.1.3",
        "http-signature": "~1.2.0",
        "is-typedarray": "~1.0.0",
        "isstream": "~0.1.2",
        "json-stringify-safe": "~5.0.1",
        "mime-types": "~2.1.19",
        "oauth-sign": "~0.9.0",
        "performance-now": "^2.1.0",
        "qs": "~6.5.2",
        "safe-buffer": "^5.1.2",
        "tough-cookie": "~2.5.0",
        "tunnel-agent": "^0.6.0",
        "uuid": "^3.3.2"
      }
    },
    "request-progress": {
      "version": "3.0.0",
      "resolved": "https://upsidetravel.jfrog.io/upsidetravel/api/npm/npm-virtual/request-progress/-/request-progress-3.0.0.tgz",
      "integrity": "sha1-TKdUCBx/7GP1BeT6qCWqBs1mnb4=",
      "requires": {
        "throttleit": "^1.0.0"
      }
    },
    "resolve": {
      "version": "1.15.1",
      "resolved": "https://upsidetravel.jfrog.io/upsidetravel/api/npm/npm-virtual/resolve/-/resolve-1.15.1.tgz",
      "integrity": "sha1-J73N7/6vLWJEuVuw+fS0ZTRR8+g=",
      "requires": {
        "path-parse": "^1.0.6"
      }
    },
    "reusify": {
      "version": "1.0.4",
      "resolved": "https://upsidetravel.jfrog.io/upsidetravel/api/npm/npm-virtual/reusify/-/reusify-1.0.4.tgz",
      "integrity": "sha1-kNo4Kx4SbvwCFG6QhFqI2xKSXXY="
    },
    "run-parallel": {
      "version": "1.1.9",
      "resolved": "https://upsidetravel.jfrog.io/upsidetravel/api/npm/npm-virtual/run-parallel/-/run-parallel-1.1.9.tgz",
      "integrity": "sha1-yd06fPn0ssS2JE4XOm7YZuYd1nk="
    },
    "safe-buffer": {
      "version": "5.1.2",
      "resolved": "https://upsidetravel.jfrog.io/upsidetravel/api/npm/npm-virtual/safe-buffer/-/safe-buffer-5.1.2.tgz",
      "integrity": "sha1-mR7GnSluAxN0fVm9/St0XDX4go0="
    },
    "safer-buffer": {
      "version": "2.1.2",
      "resolved": "https://upsidetravel.jfrog.io/upsidetravel/api/npm/npm-virtual/safer-buffer/-/safer-buffer-2.1.2.tgz",
      "integrity": "sha1-RPoWGwGHuVSd2Eu5GAL5vYOFzWo="
    },
    "semver": {
      "version": "6.3.0",
      "resolved": "https://upsidetravel.jfrog.io/upsidetravel/api/npm/npm-virtual/semver/-/semver-6.3.0.tgz",
      "integrity": "sha1-7gpkyK9ejO6mdoexM3YeG+y9HT0="
    },
    "slash": {
      "version": "3.0.0",
      "resolved": "https://upsidetravel.jfrog.io/upsidetravel/api/npm/npm-virtual/slash/-/slash-3.0.0.tgz",
      "integrity": "sha1-ZTm+hwwWWtvVJAIg2+Nh8bxNRjQ="
    },
    "source-map": {
      "version": "0.6.1",
      "resolved": "https://upsidetravel.jfrog.io/upsidetravel/api/npm/npm-virtual/source-map/-/source-map-0.6.1.tgz",
      "integrity": "sha1-dHIq8y6WFOnCh6jQu95IteLxomM=",
      "optional": true
    },
    "sshpk": {
      "version": "1.16.1",
      "resolved": "https://upsidetravel.jfrog.io/upsidetravel/api/npm/npm-virtual/sshpk/-/sshpk-1.16.1.tgz",
      "integrity": "sha1-+2YcC+8ps520B2nuOfpwCT1vaHc=",
      "requires": {
        "asn1": "~0.2.3",
        "assert-plus": "^1.0.0",
        "bcrypt-pbkdf": "^1.0.0",
        "dashdash": "^1.12.0",
        "ecc-jsbn": "~0.1.1",
        "getpass": "^0.1.1",
        "jsbn": "~0.1.0",
        "safer-buffer": "^2.0.2",
        "tweetnacl": "~0.14.0"
      }
    },
    "stream-meter": {
      "version": "1.0.4",
      "resolved": "https://upsidetravel.jfrog.io/upsidetravel/api/npm/npm-virtual/stream-meter/-/stream-meter-1.0.4.tgz",
      "integrity": "sha1-Uq+Vql6nYKJJFxZwTb/5D3Ov3R0=",
      "requires": {
        "readable-stream": "^2.1.4"
      }
    },
    "string_decoder": {
      "version": "1.1.1",
      "resolved": "https://upsidetravel.jfrog.io/upsidetravel/api/npm/npm-virtual/string_decoder/-/string_decoder-1.1.1.tgz",
      "integrity": "sha1-nPFhG6YmhdcDCunkujQUnDrwP8g=",
      "requires": {
        "safe-buffer": "~5.1.0"
      }
    },
    "supports-color": {
      "version": "7.1.0",
      "resolved": "https://upsidetravel.jfrog.io/upsidetravel/api/npm/npm-virtual/supports-color/-/supports-color-7.1.0.tgz",
      "integrity": "sha1-aOMlkd9z4lrRxLSRCKLsUHliv9E=",
      "requires": {
        "has-flag": "^4.0.0"
      }
    },
    "throttleit": {
      "version": "1.0.0",
      "resolved": "https://upsidetravel.jfrog.io/upsidetravel/api/npm/npm-virtual/throttleit/-/throttleit-1.0.0.tgz",
      "integrity": "sha1-nnhYNtr0Z0MUWlmEtiaNgoUorGw="
    },
    "to-regex-range": {
      "version": "5.0.1",
      "resolved": "https://upsidetravel.jfrog.io/upsidetravel/api/npm/npm-virtual/to-regex-range/-/to-regex-range-5.0.1.tgz",
      "integrity": "sha1-FkjESq58jZiKMmAY7XL1tN0DkuQ=",
      "requires": {
        "is-number": "^7.0.0"
      }
    },
    "tough-cookie": {
      "version": "2.5.0",
      "resolved": "https://upsidetravel.jfrog.io/upsidetravel/api/npm/npm-virtual/tough-cookie/-/tough-cookie-2.5.0.tgz",
      "integrity": "sha1-zZ+yoKodWhK0c72fuW+j3P9lreI=",
      "requires": {
        "psl": "^1.1.28",
        "punycode": "^2.1.1"
      }
    },
    "tunnel-agent": {
      "version": "0.6.0",
      "resolved": "https://upsidetravel.jfrog.io/upsidetravel/api/npm/npm-virtual/tunnel-agent/-/tunnel-agent-0.6.0.tgz",
      "integrity": "sha1-J6XeoGs2sEoKmWZ3SykIaPD8QP0=",
      "requires": {
        "safe-buffer": "^5.0.1"
      }
    },
    "tweetnacl": {
      "version": "0.14.5",
      "resolved": "https://upsidetravel.jfrog.io/upsidetravel/api/npm/npm-virtual/tweetnacl/-/tweetnacl-0.14.5.tgz",
      "integrity": "sha1-WuaBd/GS1EViadEIr6k/+HQ/T2Q="
    },
    "type-check": {
      "version": "0.3.2",
      "resolved": "https://upsidetravel.jfrog.io/upsidetravel/api/npm/npm-virtual/type-check/-/type-check-0.3.2.tgz",
      "integrity": "sha1-WITKtRLPHTVeP7eE8wgEsrUg23I=",
      "requires": {
        "prelude-ls": "~1.1.2"
      }
    },
    "uid2": {
      "version": "0.0.3",
      "resolved": "https://upsidetravel.jfrog.io/upsidetravel/api/npm/npm-virtual/uid2/-/uid2-0.0.3.tgz",
      "integrity": "sha1-SDEm4Rd03y9xuLY53NeZw3YWK4I="
    },
    "unique-temp-dir": {
      "version": "1.0.0",
      "resolved": "https://upsidetravel.jfrog.io/upsidetravel/api/npm/npm-virtual/unique-temp-dir/-/unique-temp-dir-1.0.0.tgz",
      "integrity": "sha1-bc6VsmgcoAPuv7MEpBX5y6vMU4U=",
      "requires": {
        "mkdirp": "^0.5.1",
        "os-tmpdir": "^1.0.1",
        "uid2": "0.0.3"
      }
    },
    "universalify": {
      "version": "0.1.2",
      "resolved": "https://upsidetravel.jfrog.io/upsidetravel/api/npm/npm-virtual/universalify/-/universalify-0.1.2.tgz",
      "integrity": "sha1-tkb2m+OULavOzJ1mOcgNwQXvqmY="
    },
    "uri-js": {
      "version": "4.2.2",
      "resolved": "https://upsidetravel.jfrog.io/upsidetravel/api/npm/npm-virtual/uri-js/-/uri-js-4.2.2.tgz",
      "integrity": "sha1-lMVA4f93KVbiKZUHwBCupsiDjrA=",
      "requires": {
        "punycode": "^2.1.0"
      }
    },
    "util-deprecate": {
      "version": "1.0.2",
      "resolved": "https://upsidetravel.jfrog.io/upsidetravel/api/npm/npm-virtual/util-deprecate/-/util-deprecate-1.0.2.tgz",
      "integrity": "sha1-RQ1Nyfpw3nMnYvvS1KKJgUGaDM8="
    },
    "uuid": {
      "version": "3.4.0",
      "resolved": "https://upsidetravel.jfrog.io/upsidetravel/api/npm/npm-virtual/uuid/-/uuid-3.4.0.tgz",
      "integrity": "sha1-sj5DWK+oogL+ehAK8fX4g/AgB+4="
    },
    "verror": {
      "version": "1.10.0",
      "resolved": "https://upsidetravel.jfrog.io/upsidetravel/api/npm/npm-virtual/verror/-/verror-1.10.0.tgz",
      "integrity": "sha1-OhBcoXBTr1XW4nDB+CiGguGNpAA=",
      "requires": {
        "assert-plus": "^1.0.0",
        "core-util-is": "1.0.2",
        "extsprintf": "^1.2.0"
      }
    },
    "word-wrap": {
      "version": "1.2.3",
      "resolved": "https://upsidetravel.jfrog.io/upsidetravel/api/npm/npm-virtual/word-wrap/-/word-wrap-1.2.3.tgz",
      "integrity": "sha1-YQY29rH3A4kb00dxzLF/uTtHB5w="
    }
  }
}
