{
  "name": "atom-dbt-formatter",
  "version": "1.2.2",
  "lockfileVersion": 1,
  "requires": true,
  "dependencies": {
    "dbt-formatter": {
      "version": "1.0.3",
      "resolved": "https://registry.npmjs.org/dbt-formatter/-/dbt-formatter-1.0.3.tgz",
      "integrity": "sha512-HGPzdeRBiFN+XQF2ZFKu0lcDpZ2qeH0alu5rIJLorMFVD89B43UOCGg+pRvx5lMEL+vsWiU2UjMtmYMjR6/WLg==",
      "requires": {
        "lodash": "^4.17.11"
      }
    },
    "lodash": {
      "version": "4.17.15",
      "resolved": "https://registry.npmjs.org/lodash/-/lodash-4.17.15.tgz",
      "integrity": "sha512-8xOcRHvCjnocdS5cpwXQXVzmmh5e5+saE2QGoeQmbKmRS6J3VQppPOIt0MnmE+4xlZoumy0GPG0D0MVIQbNA1A=="
    }
  }
}
